// !$*UTF8*$!
{
	archiveVersion = 1;
	classes = {
	};
	objectVersion = 56;
	objects = {

/* Begin PBXBuildFile section */
		2A63326A2A2EC33700DE7B00 /* RandomQuoteView.swift in Sources */ = {isa = PBXBuildFile; fileRef = 2A6332692A2EC33700DE7B00 /* RandomQuoteView.swift */; };
		2AC999A52A2D29ED009CBB49 /* DailyQuoteView.swift in Sources */ = {isa = PBXBuildFile; fileRef = 2AC999A42A2D29ED009CBB49 /* DailyQuoteView.swift */; };
		961016C52A2B7F9B00ED4B32 /* quotes.json in Resources */ = {isa = PBXBuildFile; fileRef = 961016C42A2B7F9B00ED4B32 /* quotes.json */; };
		961016C72A2B80FA00ED4B32 /* Quote.swift in Sources */ = {isa = PBXBuildFile; fileRef = 961016C62A2B80FA00ED4B32 /* Quote.swift */; };
		961016CB2A2B822F00ED4B32 /* QuoteDataManager.swift in Sources */ = {isa = PBXBuildFile; fileRef = 961016CA2A2B822F00ED4B32 /* QuoteDataManager.swift */; };
		964AC4742A44A53900851EBA /* StreakModel.swift in Sources */ = {isa = PBXBuildFile; fileRef = 964AC4732A44A53900851EBA /* StreakModel.swift */; };
		964AC4772A44A5C400851EBA /* StreakDataManager.swift in Sources */ = {isa = PBXBuildFile; fileRef = 964AC4762A44A5C400851EBA /* StreakDataManager.swift */; };
		964AC4792A44C5BE00851EBA /* q.json in Resources */ = {isa = PBXBuildFile; fileRef = 964AC4782A44C5BE00851EBA /* q.json */; };
		964AC47B2A44C60700851EBA /* old.json in Resources */ = {isa = PBXBuildFile; fileRef = 964AC47A2A44C60700851EBA /* old.json */; };
		964AC47D2A44CA6700851EBA /* AuthorDetailView.swift in Sources */ = {isa = PBXBuildFile; fileRef = 964AC47C2A44CA6700851EBA /* AuthorDetailView.swift */; };
		969B26D92A2C4B58001B4862 /* CategoryView.swift in Sources */ = {isa = PBXBuildFile; fileRef = 969B26D82A2C4B58001B4862 /* CategoryView.swift */; };
		969B26DB2A2C4B6E001B4862 /* QuoteView.swift in Sources */ = {isa = PBXBuildFile; fileRef = 969B26DA2A2C4B6E001B4862 /* QuoteView.swift */; };
		969B26DD2A2C4B81001B4862 /* FavouriteView.swift in Sources */ = {isa = PBXBuildFile; fileRef = 969B26DC2A2C4B81001B4862 /* FavouriteView.swift */; };
		969B26DF2A2C4F44001B4862 /* Categories.swift in Sources */ = {isa = PBXBuildFile; fileRef = 969B26DE2A2C4F44001B4862 /* Categories.swift */; };
		969B26E12A2C5406001B4862 /* CategoryDetail.swift in Sources */ = {isa = PBXBuildFile; fileRef = 969B26E02A2C5406001B4862 /* CategoryDetail.swift */; };
		96EDD54C2A290DFB0088B916 /* QuoteOfTheDayApp.swift in Sources */ = {isa = PBXBuildFile; fileRef = 96EDD54B2A290DFB0088B916 /* QuoteOfTheDayApp.swift */; };
		96EDD54E2A290DFB0088B916 /* ContentView.swift in Sources */ = {isa = PBXBuildFile; fileRef = 96EDD54D2A290DFB0088B916 /* ContentView.swift */; };
		96EDD5502A290DFC0088B916 /* Assets.xcassets in Resources */ = {isa = PBXBuildFile; fileRef = 96EDD54F2A290DFC0088B916 /* Assets.xcassets */; };
		96EDD5532A290DFC0088B916 /* Preview Assets.xcassets in Resources */ = {isa = PBXBuildFile; fileRef = 96EDD5522A290DFC0088B916 /* Preview Assets.xcassets */; };
/* End PBXBuildFile section */

/* Begin PBXFileReference section */
		2A6332692A2EC33700DE7B00 /* RandomQuoteView.swift */ = {isa = PBXFileReference; lastKnownFileType = sourcecode.swift; path = RandomQuoteView.swift; sourceTree = "<group>"; };
		2AC999A42A2D29ED009CBB49 /* DailyQuoteView.swift */ = {isa = PBXFileReference; lastKnownFileType = sourcecode.swift; path = DailyQuoteView.swift; sourceTree = "<group>"; };
		961016C42A2B7F9B00ED4B32 /* quotes.json */ = {isa = PBXFileReference; lastKnownFileType = text.json; path = quotes.json; sourceTree = "<group>"; };
		961016C62A2B80FA00ED4B32 /* Quote.swift */ = {isa = PBXFileReference; lastKnownFileType = sourcecode.swift; path = Quote.swift; sourceTree = "<group>"; };
		961016CA2A2B822F00ED4B32 /* QuoteDataManager.swift */ = {isa = PBXFileReference; lastKnownFileType = sourcecode.swift; path = QuoteDataManager.swift; sourceTree = "<group>"; };
		964AC4732A44A53900851EBA /* StreakModel.swift */ = {isa = PBXFileReference; lastKnownFileType = sourcecode.swift; path = StreakModel.swift; sourceTree = "<group>"; };
		964AC4762A44A5C400851EBA /* StreakDataManager.swift */ = {isa = PBXFileReference; lastKnownFileType = sourcecode.swift; path = StreakDataManager.swift; sourceTree = "<group>"; };
		964AC4782A44C5BE00851EBA /* q.json */ = {isa = PBXFileReference; lastKnownFileType = text.json; path = q.json; sourceTree = "<group>"; };
		964AC47A2A44C60700851EBA /* old.json */ = {isa = PBXFileReference; lastKnownFileType = text.json; path = old.json; sourceTree = "<group>"; };
		964AC47C2A44CA6700851EBA /* AuthorDetailView.swift */ = {isa = PBXFileReference; lastKnownFileType = sourcecode.swift; path = AuthorDetailView.swift; sourceTree = "<group>"; };
		969B26D82A2C4B58001B4862 /* CategoryView.swift */ = {isa = PBXFileReference; lastKnownFileType = sourcecode.swift; path = CategoryView.swift; sourceTree = "<group>"; };
		969B26DA2A2C4B6E001B4862 /* QuoteView.swift */ = {isa = PBXFileReference; lastKnownFileType = sourcecode.swift; path = QuoteView.swift; sourceTree = "<group>"; };
		969B26DC2A2C4B81001B4862 /* FavouriteView.swift */ = {isa = PBXFileReference; lastKnownFileType = sourcecode.swift; path = FavouriteView.swift; sourceTree = "<group>"; };
		969B26DE2A2C4F44001B4862 /* Categories.swift */ = {isa = PBXFileReference; lastKnownFileType = sourcecode.swift; path = Categories.swift; sourceTree = "<group>"; };
		969B26E02A2C5406001B4862 /* CategoryDetail.swift */ = {isa = PBXFileReference; lastKnownFileType = sourcecode.swift; path = CategoryDetail.swift; sourceTree = "<group>"; };
		96EDD5482A290DFB0088B916 /* QuoteOfTheDay.app */ = {isa = PBXFileReference; explicitFileType = wrapper.application; includeInIndex = 0; path = QuoteOfTheDay.app; sourceTree = BUILT_PRODUCTS_DIR; };
		96EDD54B2A290DFB0088B916 /* QuoteOfTheDayApp.swift */ = {isa = PBXFileReference; lastKnownFileType = sourcecode.swift; path = QuoteOfTheDayApp.swift; sourceTree = "<group>"; };
		96EDD54D2A290DFB0088B916 /* ContentView.swift */ = {isa = PBXFileReference; lastKnownFileType = sourcecode.swift; path = ContentView.swift; sourceTree = "<group>"; };
		96EDD54F2A290DFC0088B916 /* Assets.xcassets */ = {isa = PBXFileReference; lastKnownFileType = folder.assetcatalog; path = Assets.xcassets; sourceTree = "<group>"; };
		96EDD5522A290DFC0088B916 /* Preview Assets.xcassets */ = {isa = PBXFileReference; lastKnownFileType = folder.assetcatalog; path = "Preview Assets.xcassets"; sourceTree = "<group>"; };
/* End PBXFileReference section */

/* Begin PBXFrameworksBuildPhase section */
		96EDD5452A290DFB0088B916 /* Frameworks */ = {
			isa = PBXFrameworksBuildPhase;
			buildActionMask = 2147483647;
			files = (
			);
			runOnlyForDeploymentPostprocessing = 0;
		};
/* End PBXFrameworksBuildPhase section */

/* Begin PBXGroup section */
		961016C32A2B7F3C00ED4B32 /* Resources */ = {
			isa = PBXGroup;
			children = (
				961016C42A2B7F9B00ED4B32 /* quotes.json */,
				964AC4782A44C5BE00851EBA /* q.json */,
				964AC47A2A44C60700851EBA /* old.json */,
			);
			path = Resources;
			sourceTree = "<group>";
		};
		961016C82A2B811200ED4B32 /* Sources */ = {
			isa = PBXGroup;
			children = (
				969B26D72A2C4B01001B4862 /* Views */,
				96EDD54B2A290DFB0088B916 /* QuoteOfTheDayApp.swift */,
				961016C92A2B812500ED4B32 /* Models */,
				961016CA2A2B822F00ED4B32 /* QuoteDataManager.swift */,
				964AC4762A44A5C400851EBA /* StreakDataManager.swift */,
			);
			path = Sources;
			sourceTree = "<group>";
		};
		961016C92A2B812500ED4B32 /* Models */ = {
			isa = PBXGroup;
			children = (
				961016C62A2B80FA00ED4B32 /* Quote.swift */,
				969B26DE2A2C4F44001B4862 /* Categories.swift */,
				964AC4732A44A53900851EBA /* StreakModel.swift */,
			);
			path = Models;
			sourceTree = "<group>";
		};
		969B26D72A2C4B01001B4862 /* Views */ = {
			isa = PBXGroup;
			children = (
				2A6332692A2EC33700DE7B00 /* RandomQuoteView.swift */,
				96EDD54D2A290DFB0088B916 /* ContentView.swift */,
				969B26D82A2C4B58001B4862 /* CategoryView.swift */,
				969B26DA2A2C4B6E001B4862 /* QuoteView.swift */,
				969B26DC2A2C4B81001B4862 /* FavouriteView.swift */,
				969B26E02A2C5406001B4862 /* CategoryDetail.swift */,
				2AC999A42A2D29ED009CBB49 /* DailyQuoteView.swift */,
				964AC47C2A44CA6700851EBA /* AuthorDetailView.swift */,
			);
			path = Views;
			sourceTree = "<group>";
		};
		96EDD53F2A290DFB0088B916 = {
			isa = PBXGroup;
			children = (
				96EDD54A2A290DFB0088B916 /* QuoteOfTheDay */,
				96EDD5492A290DFB0088B916 /* Products */,
			);
			sourceTree = "<group>";
		};
		96EDD5492A290DFB0088B916 /* Products */ = {
			isa = PBXGroup;
			children = (
				96EDD5482A290DFB0088B916 /* QuoteOfTheDay.app */,
			);
			name = Products;
			sourceTree = "<group>";
		};
		96EDD54A2A290DFB0088B916 /* QuoteOfTheDay */ = {
			isa = PBXGroup;
			children = (
				961016C82A2B811200ED4B32 /* Sources */,
				961016C32A2B7F3C00ED4B32 /* Resources */,
				96EDD54F2A290DFC0088B916 /* Assets.xcassets */,
				96EDD5512A290DFC0088B916 /* Preview Content */,
			);
			path = QuoteOfTheDay;
			sourceTree = "<group>";
		};
		96EDD5512A290DFC0088B916 /* Preview Content */ = {
			isa = PBXGroup;
			children = (
				96EDD5522A290DFC0088B916 /* Preview Assets.xcassets */,
			);
			path = "Preview Content";
			sourceTree = "<group>";
		};
/* End PBXGroup section */

/* Begin PBXNativeTarget section */
		96EDD5472A290DFB0088B916 /* QuoteOfTheDay */ = {
			isa = PBXNativeTarget;
			buildConfigurationList = 96EDD5562A290DFC0088B916 /* Build configuration list for PBXNativeTarget "QuoteOfTheDay" */;
			buildPhases = (
				96EDD5442A290DFB0088B916 /* Sources */,
				96EDD5452A290DFB0088B916 /* Frameworks */,
				96EDD5462A290DFB0088B916 /* Resources */,
			);
			buildRules = (
			);
			dependencies = (
			);
			name = QuoteOfTheDay;
			productName = QuoteOfTheDay;
			productReference = 96EDD5482A290DFB0088B916 /* QuoteOfTheDay.app */;
			productType = "com.apple.product-type.application";
		};
/* End PBXNativeTarget section */

/* Begin PBXProject section */
		96EDD5402A290DFB0088B916 /* Project object */ = {
			isa = PBXProject;
			attributes = {
				BuildIndependentTargetsInParallel = 1;
				LastSwiftUpdateCheck = 1420;
				LastUpgradeCheck = 1420;
				TargetAttributes = {
					96EDD5472A290DFB0088B916 = {
						CreatedOnToolsVersion = 14.2;
					};
				};
			};
			buildConfigurationList = 96EDD5432A290DFB0088B916 /* Build configuration list for PBXProject "QuoteOfTheDay" */;
			compatibilityVersion = "Xcode 14.0";
			developmentRegion = en;
			hasScannedForEncodings = 0;
			knownRegions = (
				en,
				Base,
			);
			mainGroup = 96EDD53F2A290DFB0088B916;
			productRefGroup = 96EDD5492A290DFB0088B916 /* Products */;
			projectDirPath = "";
			projectRoot = "";
			targets = (
				96EDD5472A290DFB0088B916 /* QuoteOfTheDay */,
			);
		};
/* End PBXProject section */

/* Begin PBXResourcesBuildPhase section */
		96EDD5462A290DFB0088B916 /* Resources */ = {
			isa = PBXResourcesBuildPhase;
			buildActionMask = 2147483647;
			files = (
				96EDD5532A290DFC0088B916 /* Preview Assets.xcassets in Resources */,
				96EDD5502A290DFC0088B916 /* Assets.xcassets in Resources */,
				961016C52A2B7F9B00ED4B32 /* quotes.json in Resources */,
				964AC47B2A44C60700851EBA /* old.json in Resources */,
				964AC4792A44C5BE00851EBA /* q.json in Resources */,
			);
			runOnlyForDeploymentPostprocessing = 0;
		};
/* End PBXResourcesBuildPhase section */

/* Begin PBXSourcesBuildPhase section */
		96EDD5442A290DFB0088B916 /* Sources */ = {
			isa = PBXSourcesBuildPhase;
			buildActionMask = 2147483647;
			files = (
				96EDD54E2A290DFB0088B916 /* ContentView.swift in Sources */,
				2AC999A52A2D29ED009CBB49 /* DailyQuoteView.swift in Sources */,
				969B26DF2A2C4F44001B4862 /* Categories.swift in Sources */,
				969B26DB2A2C4B6E001B4862 /* QuoteView.swift in Sources */,
				961016CB2A2B822F00ED4B32 /* QuoteDataManager.swift in Sources */,
				2A63326A2A2EC33700DE7B00 /* RandomQuoteView.swift in Sources */,
				964AC4772A44A5C400851EBA /* StreakDataManager.swift in Sources */,
				961016C72A2B80FA00ED4B32 /* Quote.swift in Sources */,
				964AC4742A44A53900851EBA /* StreakModel.swift in Sources */,
				96EDD54C2A290DFB0088B916 /* QuoteOfTheDayApp.swift in Sources */,
				969B26E12A2C5406001B4862 /* CategoryDetail.swift in Sources */,
				969B26DD2A2C4B81001B4862 /* FavouriteView.swift in Sources */,
				964AC47D2A44CA6700851EBA /* AuthorDetailView.swift in Sources */,
				969B26D92A2C4B58001B4862 /* CategoryView.swift in Sources */,
			);
			runOnlyForDeploymentPostprocessing = 0;
		};
/* End PBXSourcesBuildPhase section */

/* Begin XCBuildConfiguration section */
		96EDD5542A290DFC0088B916 /* Debug */ = {
			isa = XCBuildConfiguration;
			buildSettings = {
				ALWAYS_SEARCH_USER_PATHS = NO;
				CLANG_ANALYZER_NONNULL = YES;
				CLANG_ANALYZER_NUMBER_OBJECT_CONVERSION = YES_AGGRESSIVE;
				CLANG_CXX_LANGUAGE_STANDARD = "gnu++20";
				CLANG_ENABLE_MODULES = YES;
				CLANG_ENABLE_OBJC_ARC = YES;
				CLANG_ENABLE_OBJC_WEAK = YES;
				CLANG_WARN_BLOCK_CAPTURE_AUTORELEASING = YES;
				CLANG_WARN_BOOL_CONVERSION = YES;
				CLANG_WARN_COMMA = YES;
				CLANG_WARN_CONSTANT_CONVERSION = YES;
				CLANG_WARN_DEPRECATED_OBJC_IMPLEMENTATIONS = YES;
				CLANG_WARN_DIRECT_OBJC_ISA_USAGE = YES_ERROR;
				CLANG_WARN_DOCUMENTATION_COMMENTS = YES;
				CLANG_WARN_EMPTY_BODY = YES;
				CLANG_WARN_ENUM_CONVERSION = YES;
				CLANG_WARN_INFINITE_RECURSION = YES;
				CLANG_WARN_INT_CONVERSION = YES;
				CLANG_WARN_NON_LITERAL_NULL_CONVERSION = YES;
				CLANG_WARN_OBJC_IMPLICIT_RETAIN_SELF = YES;
				CLANG_WARN_OBJC_LITERAL_CONVERSION = YES;
				CLANG_WARN_OBJC_ROOT_CLASS = YES_ERROR;
				CLANG_WARN_QUOTED_INCLUDE_IN_FRAMEWORK_HEADER = YES;
				CLANG_WARN_RANGE_LOOP_ANALYSIS = YES;
				CLANG_WARN_STRICT_PROTOTYPES = YES;
				CLANG_WARN_SUSPICIOUS_MOVE = YES;
				CLANG_WARN_UNGUARDED_AVAILABILITY = YES_AGGRESSIVE;
				CLANG_WARN_UNREACHABLE_CODE = YES;
				CLANG_WARN__DUPLICATE_METHOD_MATCH = YES;
				COPY_PHASE_STRIP = NO;
				DEBUG_INFORMATION_FORMAT = dwarf;
				ENABLE_STRICT_OBJC_MSGSEND = YES;
				ENABLE_TESTABILITY = YES;
				GCC_C_LANGUAGE_STANDARD = gnu11;
				GCC_DYNAMIC_NO_PIC = NO;
				GCC_NO_COMMON_BLOCKS = YES;
				GCC_OPTIMIZATION_LEVEL = 0;
				GCC_PREPROCESSOR_DEFINITIONS = (
					"DEBUG=1",
					"$(inherited)",
				);
				GCC_WARN_64_TO_32_BIT_CONVERSION = YES;
				GCC_WARN_ABOUT_RETURN_TYPE = YES_ERROR;
				GCC_WARN_UNDECLARED_SELECTOR = YES;
				GCC_WARN_UNINITIALIZED_AUTOS = YES_AGGRESSIVE;
				GCC_WARN_UNUSED_FUNCTION = YES;
				GCC_WARN_UNUSED_VARIABLE = YES;
				IPHONEOS_DEPLOYMENT_TARGET = 16.2;
				MTL_ENABLE_DEBUG_INFO = INCLUDE_SOURCE;
				MTL_FAST_MATH = YES;
				ONLY_ACTIVE_ARCH = YES;
				SDKROOT = iphoneos;
				SWIFT_ACTIVE_COMPILATION_CONDITIONS = DEBUG;
				SWIFT_OPTIMIZATION_LEVEL = "-Onone";
			};
			name = Debug;
		};
		96EDD5552A290DFC0088B916 /* Release */ = {
			isa = XCBuildConfiguration;
			buildSettings = {
				ALWAYS_SEARCH_USER_PATHS = NO;
				CLANG_ANALYZER_NONNULL = YES;
				CLANG_ANALYZER_NUMBER_OBJECT_CONVERSION = YES_AGGRESSIVE;
				CLANG_CXX_LANGUAGE_STANDARD = "gnu++20";
				CLANG_ENABLE_MODULES = YES;
				CLANG_ENABLE_OBJC_ARC = YES;
				CLANG_ENABLE_OBJC_WEAK = YES;
				CLANG_WARN_BLOCK_CAPTURE_AUTORELEASING = YES;
				CLANG_WARN_BOOL_CONVERSION = YES;
				CLANG_WARN_COMMA = YES;
				CLANG_WARN_CONSTANT_CONVERSION = YES;
				CLANG_WARN_DEPRECATED_OBJC_IMPLEMENTATIONS = YES;
				CLANG_WARN_DIRECT_OBJC_ISA_USAGE = YES_ERROR;
				CLANG_WARN_DOCUMENTATION_COMMENTS = YES;
				CLANG_WARN_EMPTY_BODY = YES;
				CLANG_WARN_ENUM_CONVERSION = YES;
				CLANG_WARN_INFINITE_RECURSION = YES;
				CLANG_WARN_INT_CONVERSION = YES;
				CLANG_WARN_NON_LITERAL_NULL_CONVERSION = YES;
				CLANG_WARN_OBJC_IMPLICIT_RETAIN_SELF = YES;
				CLANG_WARN_OBJC_LITERAL_CONVERSION = YES;
				CLANG_WARN_OBJC_ROOT_CLASS = YES_ERROR;
				CLANG_WARN_QUOTED_INCLUDE_IN_FRAMEWORK_HEADER = YES;
				CLANG_WARN_RANGE_LOOP_ANALYSIS = YES;
				CLANG_WARN_STRICT_PROTOTYPES = YES;
				CLANG_WARN_SUSPICIOUS_MOVE = YES;
				CLANG_WARN_UNGUARDED_AVAILABILITY = YES_AGGRESSIVE;
				CLANG_WARN_UNREACHABLE_CODE = YES;
				CLANG_WARN__DUPLICATE_METHOD_MATCH = YES;
				COPY_PHASE_STRIP = NO;
				DEBUG_INFORMATION_FORMAT = "dwarf-with-dsym";
				ENABLE_NS_ASSERTIONS = NO;
				ENABLE_STRICT_OBJC_MSGSEND = YES;
				GCC_C_LANGUAGE_STANDARD = gnu11;
				GCC_NO_COMMON_BLOCKS = YES;
				GCC_WARN_64_TO_32_BIT_CONVERSION = YES;
				GCC_WARN_ABOUT_RETURN_TYPE = YES_ERROR;
				GCC_WARN_UNDECLARED_SELECTOR = YES;
				GCC_WARN_UNINITIALIZED_AUTOS = YES_AGGRESSIVE;
				GCC_WARN_UNUSED_FUNCTION = YES;
				GCC_WARN_UNUSED_VARIABLE = YES;
				IPHONEOS_DEPLOYMENT_TARGET = 16.2;
				MTL_ENABLE_DEBUG_INFO = NO;
				MTL_FAST_MATH = YES;
				SDKROOT = iphoneos;
				SWIFT_COMPILATION_MODE = wholemodule;
				SWIFT_OPTIMIZATION_LEVEL = "-O";
				VALIDATE_PRODUCT = YES;
			};
			name = Release;
		};
		96EDD5572A290DFC0088B916 /* Debug */ = {
			isa = XCBuildConfiguration;
			buildSettings = {
				ASSETCATALOG_COMPILER_APPICON_NAME = AppIcon;
				ASSETCATALOG_COMPILER_GLOBAL_ACCENT_COLOR_NAME = AccentColor;
				CODE_SIGN_STYLE = Automatic;
				CURRENT_PROJECT_VERSION = 1;
				DEVELOPMENT_ASSET_PATHS = "\"QuoteOfTheDay/Preview Content\"";
				DEVELOPMENT_TEAM = QQXB752677;
				ENABLE_PREVIEWS = YES;
				GENERATE_INFOPLIST_FILE = YES;
				INFOPLIST_KEY_UIApplicationSceneManifest_Generation = YES;
				INFOPLIST_KEY_UIApplicationSupportsIndirectInputEvents = YES;
				INFOPLIST_KEY_UILaunchScreen_Generation = YES;
				INFOPLIST_KEY_UISupportedInterfaceOrientations_iPad = "UIInterfaceOrientationPortrait UIInterfaceOrientationPortraitUpsideDown UIInterfaceOrientationLandscapeLeft UIInterfaceOrientationLandscapeRight";
				INFOPLIST_KEY_UISupportedInterfaceOrientations_iPhone = "UIInterfaceOrientationPortrait UIInterfaceOrientationLandscapeLeft UIInterfaceOrientationLandscapeRight";
				LD_RUNPATH_SEARCH_PATHS = (
					"$(inherited)",
					"@executable_path/Frameworks",
				);
				MARKETING_VERSION = 1.0;
				PRODUCT_BUNDLE_IDENTIFIER = com.example.savan.QuoteOfTheDay;
				PRODUCT_NAME = "$(TARGET_NAME)";
				SWIFT_EMIT_LOC_STRINGS = YES;
				SWIFT_VERSION = 5.0;
				TARGETED_DEVICE_FAMILY = "1,2";
			};
			name = Debug;
		};
		96EDD5582A290DFC0088B916 /* Release */ = {
			isa = XCBuildConfiguration;
			buildSettings = {
				ASSETCATALOG_COMPILER_APPICON_NAME = AppIcon;
				ASSETCATALOG_COMPILER_GLOBAL_ACCENT_COLOR_NAME = AccentColor;
				CODE_SIGN_STYLE = Automatic;
				CURRENT_PROJECT_VERSION = 1;
				DEVELOPMENT_ASSET_PATHS = "\"QuoteOfTheDay/Preview Content\"";
				DEVELOPMENT_TEAM = QQXB752677;
				ENABLE_PREVIEWS = YES;
				GENERATE_INFOPLIST_FILE = YES;
				INFOPLIST_KEY_UIApplicationSceneManifest_Generation = YES;
				INFOPLIST_KEY_UIApplicationSupportsIndirectInputEvents = YES;
				INFOPLIST_KEY_UILaunchScreen_Generation = YES;
				INFOPLIST_KEY_UISupportedInterfaceOrientations_iPad = "UIInterfaceOrientationPortrait UIInterfaceOrientationPortraitUpsideDown UIInterfaceOrientationLandscapeLeft UIInterfaceOrientationLandscapeRight";
				INFOPLIST_KEY_UISupportedInterfaceOrientations_iPhone = "UIInterfaceOrientationPortrait UIInterfaceOrientationLandscapeLeft UIInterfaceOrientationLandscapeRight";
				LD_RUNPATH_SEARCH_PATHS = (
					"$(inherited)",
					"@executable_path/Frameworks",
				);
				MARKETING_VERSION = 1.0;
				PRODUCT_BUNDLE_IDENTIFIER = com.example.savan.QuoteOfTheDay;
				PRODUCT_NAME = "$(TARGET_NAME)";
				SWIFT_EMIT_LOC_STRINGS = YES;
				SWIFT_VERSION = 5.0;
				TARGETED_DEVICE_FAMILY = "1,2";
			};
			name = Release;
		};
/* End XCBuildConfiguration section */

/* Begin XCConfigurationList section */
		96EDD5432A290DFB0088B916 /* Build configuration list for PBXProject "QuoteOfTheDay" */ = {
			isa = XCConfigurationList;
			buildConfigurations = (
				96EDD5542A290DFC0088B916 /* Debug */,
				96EDD5552A290DFC0088B916 /* Release */,
			);
			defaultConfigurationIsVisible = 0;
			defaultConfigurationName = Release;
		};
		96EDD5562A290DFC0088B916 /* Build configuration list for PBXNativeTarget "QuoteOfTheDay" */ = {
			isa = XCConfigurationList;
			buildConfigurations = (
				96EDD5572A290DFC0088B916 /* Debug */,
				96EDD5582A290DFC0088B916 /* Release */,
			);
			defaultConfigurationIsVisible = 0;
			defaultConfigurationName = Release;
		};
/* End XCConfigurationList section */
	};
	rootObject = 96EDD5402A290DFB0088B916 /* Project object */;
}
